// !$*UTF8*$!
{
	archiveVersion = 1;
	classes = {
	};
	objectVersion = 50;
	objects = {

/* Begin PBXBuildFile section */
		2A0247772559904900B53175 /* Task+CoreDataClass.swift in Sources */ = {isa = PBXBuildFile; fileRef = 2A0247752559904900B53175 /* Task+CoreDataClass.swift */; };
		2A0247782559904900B53175 /* Task+CoreDataProperties.swift in Sources */ = {isa = PBXBuildFile; fileRef = 2A0247762559904900B53175 /* Task+CoreDataProperties.swift */; };
		2A02477A2559A63C00B53175 /* TableViewCell.swift in Sources */ = {isa = PBXBuildFile; fileRef = 2A0247792559A63C00B53175 /* TableViewCell.swift */; };
		2A02477C2559ACB600B53175 /* TableViewController.swift in Sources */ = {isa = PBXBuildFile; fileRef = 2A02477B2559ACB600B53175 /* TableViewController.swift */; };
		2A52929525583CDE00EA966B /* AppConfigSingleton.swift in Sources */ = {isa = PBXBuildFile; fileRef = 2A52929425583CDE00EA966B /* AppConfigSingleton.swift */; };
		2A529299255844F500EA966B /* Task.xcdatamodeld in Sources */ = {isa = PBXBuildFile; fileRef = 2A529297255844F500EA966B /* Task.xcdatamodeld */; };
		2A5292A72558475600EA966B /* CoreDataStack.swift in Sources */ = {isa = PBXBuildFile; fileRef = 2A5292A62558475600EA966B /* CoreDataStack.swift */; };
		2A8253282558F07B00A08268 /* TableViewViewModel.swift in Sources */ = {isa = PBXBuildFile; fileRef = 2A8253272558F07B00A08268 /* TableViewViewModel.swift */; };
		2A82532A2558F1BD00A08268 /* FetchManager.swift in Sources */ = {isa = PBXBuildFile; fileRef = 2A8253292558F1BD00A08268 /* FetchManager.swift */; };
		2A872B9E2556510E003C43B8 /* AppDelegate.swift in Sources */ = {isa = PBXBuildFile; fileRef = 2A872B9D2556510E003C43B8 /* AppDelegate.swift */; };
		2A872BA02556510E003C43B8 /* SceneDelegate.swift in Sources */ = {isa = PBXBuildFile; fileRef = 2A872B9F2556510E003C43B8 /* SceneDelegate.swift */; };
		2A872BA22556510E003C43B8 /* ViewControllerWithTable.swift in Sources */ = {isa = PBXBuildFile; fileRef = 2A872BA12556510E003C43B8 /* ViewControllerWithTable.swift */; };
		2A872BA52556510E003C43B8 /* Main.storyboard in Resources */ = {isa = PBXBuildFile; fileRef = 2A872BA32556510E003C43B8 /* Main.storyboard */; };
		2A872BA725565110003C43B8 /* Assets.xcassets in Resources */ = {isa = PBXBuildFile; fileRef = 2A872BA625565110003C43B8 /* Assets.xcassets */; };
		2A872BAA25565110003C43B8 /* LaunchScreen.storyboard in Resources */ = {isa = PBXBuildFile; fileRef = 2A872BA825565110003C43B8 /* LaunchScreen.storyboard */; };
		2A872BB725565476003C43B8 /* NavController.swift in Sources */ = {isa = PBXBuildFile; fileRef = 2A872BB625565476003C43B8 /* NavController.swift */; };
		2AB5A558255E402B005CF45D /* AnimationManager.swift in Sources */ = {isa = PBXBuildFile; fileRef = 2AB5A557255E402B005CF45D /* AnimationManager.swift */; };
		2AB9E486255B93A4009CFE9B /* CellViewModel.swift in Sources */ = {isa = PBXBuildFile; fileRef = 2AB9E485255B93A4009CFE9B /* CellViewModel.swift */; };
		2AF3D742255A404800A225E2 /* DateFormatter.swift in Sources */ = {isa = PBXBuildFile; fileRef = 2AF3D741255A404800A225E2 /* DateFormatter.swift */; };
/* End PBXBuildFile section */

/* Begin PBXFileReference section */
		2A0247752559904900B53175 /* Task+CoreDataClass.swift */ = {isa = PBXFileReference; lastKnownFileType = sourcecode.swift; path = "Task+CoreDataClass.swift"; sourceTree = "<group>"; };
		2A0247762559904900B53175 /* Task+CoreDataProperties.swift */ = {isa = PBXFileReference; lastKnownFileType = sourcecode.swift; path = "Task+CoreDataProperties.swift"; sourceTree = "<group>"; };
		2A0247792559A63C00B53175 /* TableViewCell.swift */ = {isa = PBXFileReference; lastKnownFileType = sourcecode.swift; path = TableViewCell.swift; sourceTree = "<group>"; };
		2A02477B2559ACB600B53175 /* TableViewController.swift */ = {isa = PBXFileReference; lastKnownFileType = sourcecode.swift; path = TableViewController.swift; sourceTree = "<group>"; };
		2A52929425583CDE00EA966B /* AppConfigSingleton.swift */ = {isa = PBXFileReference; lastKnownFileType = sourcecode.swift; path = AppConfigSingleton.swift; sourceTree = "<group>"; };
		2A529298255844F500EA966B /* Task.xcdatamodel */ = {isa = PBXFileReference; lastKnownFileType = wrapper.xcdatamodel; path = Task.xcdatamodel; sourceTree = "<group>"; };
		2A5292A62558475600EA966B /* CoreDataStack.swift */ = {isa = PBXFileReference; lastKnownFileType = sourcecode.swift; path = CoreDataStack.swift; sourceTree = "<group>"; };
		2A8253272558F07B00A08268 /* TableViewViewModel.swift */ = {isa = PBXFileReference; lastKnownFileType = sourcecode.swift; path = TableViewViewModel.swift; sourceTree = "<group>"; };
		2A8253292558F1BD00A08268 /* FetchManager.swift */ = {isa = PBXFileReference; lastKnownFileType = sourcecode.swift; path = FetchManager.swift; sourceTree = "<group>"; };
		2A872B9A2556510E003C43B8 /* Daily.v2.app */ = {isa = PBXFileReference; explicitFileType = wrapper.application; includeInIndex = 0; path = Daily.v2.app; sourceTree = BUILT_PRODUCTS_DIR; };
		2A872B9D2556510E003C43B8 /* AppDelegate.swift */ = {isa = PBXFileReference; lastKnownFileType = sourcecode.swift; path = AppDelegate.swift; sourceTree = "<group>"; };
		2A872B9F2556510E003C43B8 /* SceneDelegate.swift */ = {isa = PBXFileReference; lastKnownFileType = sourcecode.swift; path = SceneDelegate.swift; sourceTree = "<group>"; };
		2A872BA12556510E003C43B8 /* ViewControllerWithTable.swift */ = {isa = PBXFileReference; lastKnownFileType = sourcecode.swift; path = ViewControllerWithTable.swift; sourceTree = "<group>"; };
		2A872BA42556510E003C43B8 /* Base */ = {isa = PBXFileReference; lastKnownFileType = file.storyboard; name = Base; path = Base.lproj/Main.storyboard; sourceTree = "<group>"; };
		2A872BA625565110003C43B8 /* Assets.xcassets */ = {isa = PBXFileReference; lastKnownFileType = folder.assetcatalog; path = Assets.xcassets; sourceTree = "<group>"; };
		2A872BA925565110003C43B8 /* Base */ = {isa = PBXFileReference; lastKnownFileType = file.storyboard; name = Base; path = Base.lproj/LaunchScreen.storyboard; sourceTree = "<group>"; };
		2A872BAB25565110003C43B8 /* Info.plist */ = {isa = PBXFileReference; lastKnownFileType = text.plist.xml; path = Info.plist; sourceTree = "<group>"; };
		2A872BB625565476003C43B8 /* NavController.swift */ = {isa = PBXFileReference; lastKnownFileType = sourcecode.swift; path = NavController.swift; sourceTree = "<group>"; };
		2AB5A557255E402B005CF45D /* AnimationManager.swift */ = {isa = PBXFileReference; lastKnownFileType = sourcecode.swift; path = AnimationManager.swift; sourceTree = "<group>"; };
		2AB9E485255B93A4009CFE9B /* CellViewModel.swift */ = {isa = PBXFileReference; lastKnownFileType = sourcecode.swift; path = CellViewModel.swift; sourceTree = "<group>"; };
		2AF3D741255A404800A225E2 /* DateFormatter.swift */ = {isa = PBXFileReference; lastKnownFileType = sourcecode.swift; path = DateFormatter.swift; sourceTree = "<group>"; };
/* End PBXFileReference section */

/* Begin PBXFrameworksBuildPhase section */
		2A872B972556510E003C43B8 /* Frameworks */ = {
			isa = PBXFrameworksBuildPhase;
			buildActionMask = 2147483647;
			files = (
			);
			runOnlyForDeploymentPostprocessing = 0;
		};
/* End PBXFrameworksBuildPhase section */

/* Begin PBXGroup section */
		2A529296255844A700EA966B /* AppModel */ = {
			isa = PBXGroup;
			children = (
				2A529297255844F500EA966B /* Task.xcdatamodeld */,
				2A5292A62558475600EA966B /* CoreDataStack.swift */,
			);
			path = AppModel;
			sourceTree = "<group>";
		};
		2A872B912556510E003C43B8 = {
			isa = PBXGroup;
			children = (
				2A872B9C2556510E003C43B8 /* Daily.v2 */,
				2A872B9B2556510E003C43B8 /* Products */,
			);
			sourceTree = "<group>";
		};
		2A872B9B2556510E003C43B8 /* Products */ = {
			isa = PBXGroup;
			children = (
				2A872B9A2556510E003C43B8 /* Daily.v2.app */,
			);
			name = Products;
			sourceTree = "<group>";
		};
		2A872B9C2556510E003C43B8 /* Daily.v2 */ = {
			isa = PBXGroup;
			children = (
				2A872BB2255653F4003C43B8 /* MainScreen */,
				2A872BB1255653BF003C43B8 /* App */,
				2A872BA625565110003C43B8 /* Assets.xcassets */,
			);
			path = Daily.v2;
			sourceTree = "<group>";
		};
		2A872BB1255653BF003C43B8 /* App */ = {
			isa = PBXGroup;
			children = (
				2AF3D740255A403B00A225E2 /* Utils */,
				2A529296255844A700EA966B /* AppModel */,
				2A872BA825565110003C43B8 /* LaunchScreen.storyboard */,
				2A872BAB25565110003C43B8 /* Info.plist */,
				2A872B9F2556510E003C43B8 /* SceneDelegate.swift */,
				2A872B9D2556510E003C43B8 /* AppDelegate.swift */,
				2A872BB625565476003C43B8 /* NavController.swift */,
				2A52929425583CDE00EA966B /* AppConfigSingleton.swift */,
			);
			path = App;
			sourceTree = "<group>";
		};
		2A872BB2255653F4003C43B8 /* MainScreen */ = {
			isa = PBXGroup;
			children = (
				2A872BB52556540A003C43B8 /* Model */,
				2A872BB425565405003C43B8 /* ViewModel */,
				2A872BB3255653FF003C43B8 /* View */,
			);
			path = MainScreen;
			sourceTree = "<group>";
		};
		2A872BB3255653FF003C43B8 /* View */ = {
			isa = PBXGroup;
			children = (
				2A872BA12556510E003C43B8 /* ViewControllerWithTable.swift */,
				2A872BA32556510E003C43B8 /* Main.storyboard */,
				2A0247792559A63C00B53175 /* TableViewCell.swift */,
				2A02477B2559ACB600B53175 /* TableViewController.swift */,
				2AB5A557255E402B005CF45D /* AnimationManager.swift */,
			);
			path = View;
			sourceTree = "<group>";
		};
		2A872BB425565405003C43B8 /* ViewModel */ = {
			isa = PBXGroup;
			children = (
				2A8253272558F07B00A08268 /* TableViewViewModel.swift */,
				2AB9E485255B93A4009CFE9B /* CellViewModel.swift */,
			);
			path = ViewModel;
			sourceTree = "<group>";
		};
		2A872BB52556540A003C43B8 /* Model */ = {
			isa = PBXGroup;
			children = (
				2A0247752559904900B53175 /* Task+CoreDataClass.swift */,
				2A0247762559904900B53175 /* Task+CoreDataProperties.swift */,
				2A8253292558F1BD00A08268 /* FetchManager.swift */,
			);
			path = Model;
			sourceTree = "<group>";
		};
		2AF3D740255A403B00A225E2 /* Utils */ = {
			isa = PBXGroup;
			children = (
				2AF3D741255A404800A225E2 /* DateFormatter.swift */,
			);
			path = Utils;
			sourceTree = "<group>";
		};
/* End PBXGroup section */

/* Begin PBXNativeTarget section */
		2A872B992556510E003C43B8 /* Daily.v2 */ = {
			isa = PBXNativeTarget;
			buildConfigurationList = 2A872BAE25565110003C43B8 /* Build configuration list for PBXNativeTarget "Daily.v2" */;
			buildPhases = (
				2A872B962556510E003C43B8 /* Sources */,
				2A872B972556510E003C43B8 /* Frameworks */,
				2A872B982556510E003C43B8 /* Resources */,
			);
			buildRules = (
			);
			dependencies = (
			);
			name = Daily.v2;
			productName = Daily.v2;
			productReference = 2A872B9A2556510E003C43B8 /* Daily.v2.app */;
			productType = "com.apple.product-type.application";
		};
/* End PBXNativeTarget section */

/* Begin PBXProject section */
		2A872B922556510E003C43B8 /* Project object */ = {
			isa = PBXProject;
			attributes = {
				LastSwiftUpdateCheck = 1150;
				LastUpgradeCheck = 1150;
				ORGANIZATIONNAME = "Бакулин Семен Александрович";
				TargetAttributes = {
					2A872B992556510E003C43B8 = {
						CreatedOnToolsVersion = 11.5;
					};
				};
			};
			buildConfigurationList = 2A872B952556510E003C43B8 /* Build configuration list for PBXProject "Daily.v2" */;
			compatibilityVersion = "Xcode 9.3";
			developmentRegion = en;
			hasScannedForEncodings = 0;
			knownRegions = (
				en,
				Base,
			);
			mainGroup = 2A872B912556510E003C43B8;
			productRefGroup = 2A872B9B2556510E003C43B8 /* Products */;
			projectDirPath = "";
			projectRoot = "";
			targets = (
				2A872B992556510E003C43B8 /* Daily.v2 */,
			);
		};
/* End PBXProject section */

/* Begin PBXResourcesBuildPhase section */
		2A872B982556510E003C43B8 /* Resources */ = {
			isa = PBXResourcesBuildPhase;
			buildActionMask = 2147483647;
			files = (
				2A872BAA25565110003C43B8 /* LaunchScreen.storyboard in Resources */,
				2A872BA725565110003C43B8 /* Assets.xcassets in Resources */,
				2A872BA52556510E003C43B8 /* Main.storyboard in Resources */,
			);
			runOnlyForDeploymentPostprocessing = 0;
		};
/* End PBXResourcesBuildPhase section */

/* Begin PBXSourcesBuildPhase section */
		2A872B962556510E003C43B8 /* Sources */ = {
			isa = PBXSourcesBuildPhase;
			buildActionMask = 2147483647;
			files = (
				2AB5A558255E402B005CF45D /* AnimationManager.swift in Sources */,
				2A872BA22556510E003C43B8 /* ViewControllerWithTable.swift in Sources */,
				2A52929525583CDE00EA966B /* AppConfigSingleton.swift in Sources */,
				2A529299255844F500EA966B /* Task.xcdatamodeld in Sources */,
				2A02477C2559ACB600B53175 /* TableViewController.swift in Sources */,
				2A5292A72558475600EA966B /* CoreDataStack.swift in Sources */,
				2A02477A2559A63C00B53175 /* TableViewCell.swift in Sources */,
				2A872B9E2556510E003C43B8 /* AppDelegate.swift in Sources */,
				2A872BA02556510E003C43B8 /* SceneDelegate.swift in Sources */,
				2AF3D742255A404800A225E2 /* DateFormatter.swift in Sources */,
				2AB9E486255B93A4009CFE9B /* CellViewModel.swift in Sources */,
				2A82532A2558F1BD00A08268 /* FetchManager.swift in Sources */,
				2A8253282558F07B00A08268 /* TableViewViewModel.swift in Sources */,
				2A0247782559904900B53175 /* Task+CoreDataProperties.swift in Sources */,
				2A0247772559904900B53175 /* Task+CoreDataClass.swift in Sources */,
				2A872BB725565476003C43B8 /* NavController.swift in Sources */,
			);
			runOnlyForDeploymentPostprocessing = 0;
		};
/* End PBXSourcesBuildPhase section */

/* Begin PBXVariantGroup section */
		2A872BA32556510E003C43B8 /* Main.storyboard */ = {
			isa = PBXVariantGroup;
			children = (
				2A872BA42556510E003C43B8 /* Base */,
			);
			name = Main.storyboard;
			sourceTree = "<group>";
		};
		2A872BA825565110003C43B8 /* LaunchScreen.storyboard */ = {
			isa = PBXVariantGroup;
			children = (
				2A872BA925565110003C43B8 /* Base */,
			);
			name = LaunchScreen.storyboard;
			sourceTree = "<group>";
		};
/* End PBXVariantGroup section */

/* Begin XCBuildConfiguration section */
		2A872BAC25565110003C43B8 /* Debug */ = {
			isa = XCBuildConfiguration;
			buildSettings = {
				ALWAYS_SEARCH_USER_PATHS = NO;
				CLANG_ANALYZER_NONNULL = YES;
				CLANG_ANALYZER_NUMBER_OBJECT_CONVERSION = YES_AGGRESSIVE;
				CLANG_CXX_LANGUAGE_STANDARD = "gnu++14";
				CLANG_CXX_LIBRARY = "libc++";
				CLANG_ENABLE_MODULES = YES;
				CLANG_ENABLE_OBJC_ARC = YES;
				CLANG_ENABLE_OBJC_WEAK = YES;
				CLANG_WARN_BLOCK_CAPTURE_AUTORELEASING = YES;
				CLANG_WARN_BOOL_CONVERSION = YES;
				CLANG_WARN_COMMA = YES;
				CLANG_WARN_CONSTANT_CONVERSION = YES;
				CLANG_WARN_DEPRECATED_OBJC_IMPLEMENTATIONS = YES;
				CLANG_WARN_DIRECT_OBJC_ISA_USAGE = YES_ERROR;
				CLANG_WARN_DOCUMENTATION_COMMENTS = YES;
				CLANG_WARN_EMPTY_BODY = YES;
				CLANG_WARN_ENUM_CONVERSION = YES;
				CLANG_WARN_INFINITE_RECURSION = YES;
				CLANG_WARN_INT_CONVERSION = YES;
				CLANG_WARN_NON_LITERAL_NULL_CONVERSION = YES;
				CLANG_WARN_OBJC_IMPLICIT_RETAIN_SELF = YES;
				CLANG_WARN_OBJC_LITERAL_CONVERSION = YES;
				CLANG_WARN_OBJC_ROOT_CLASS = YES_ERROR;
				CLANG_WARN_RANGE_LOOP_ANALYSIS = YES;
				CLANG_WARN_STRICT_PROTOTYPES = YES;
				CLANG_WARN_SUSPICIOUS_MOVE = YES;
				CLANG_WARN_UNGUARDED_AVAILABILITY = YES_AGGRESSIVE;
				CLANG_WARN_UNREACHABLE_CODE = YES;
				CLANG_WARN__DUPLICATE_METHOD_MATCH = YES;
				COPY_PHASE_STRIP = NO;
				DEBUG_INFORMATION_FORMAT = dwarf;
				ENABLE_STRICT_OBJC_MSGSEND = YES;
				ENABLE_TESTABILITY = YES;
				GCC_C_LANGUAGE_STANDARD = gnu11;
				GCC_DYNAMIC_NO_PIC = NO;
				GCC_NO_COMMON_BLOCKS = YES;
				GCC_OPTIMIZATION_LEVEL = 0;
				GCC_PREPROCESSOR_DEFINITIONS = (
					"DEBUG=1",
					"$(inherited)",
				);
				GCC_WARN_64_TO_32_BIT_CONVERSION = YES;
				GCC_WARN_ABOUT_RETURN_TYPE = YES_ERROR;
				GCC_WARN_UNDECLARED_SELECTOR = YES;
				GCC_WARN_UNINITIALIZED_AUTOS = YES_AGGRESSIVE;
				GCC_WARN_UNUSED_FUNCTION = YES;
				GCC_WARN_UNUSED_VARIABLE = YES;
				IPHONEOS_DEPLOYMENT_TARGET = 13.5;
				MTL_ENABLE_DEBUG_INFO = INCLUDE_SOURCE;
				MTL_FAST_MATH = YES;
				ONLY_ACTIVE_ARCH = YES;
				SDKROOT = iphoneos;
				SWIFT_ACTIVE_COMPILATION_CONDITIONS = DEBUG;
				SWIFT_OPTIMIZATION_LEVEL = "-Onone";
			};
			name = Debug;
		};
		2A872BAD25565110003C43B8 /* Release */ = {
			isa = XCBuildConfiguration;
			buildSettings = {
				ALWAYS_SEARCH_USER_PATHS = NO;
				CLANG_ANALYZER_NONNULL = YES;
				CLANG_ANALYZER_NUMBER_OBJECT_CONVERSION = YES_AGGRESSIVE;
				CLANG_CXX_LANGUAGE_STANDARD = "gnu++14";
				CLANG_CXX_LIBRARY = "libc++";
				CLANG_ENABLE_MODULES = YES;
				CLANG_ENABLE_OBJC_ARC = YES;
				CLANG_ENABLE_OBJC_WEAK = YES;
				CLANG_WARN_BLOCK_CAPTURE_AUTORELEASING = YES;
				CLANG_WARN_BOOL_CONVERSION = YES;
				CLANG_WARN_COMMA = YES;
				CLANG_WARN_CONSTANT_CONVERSION = YES;
				CLANG_WARN_DEPRECATED_OBJC_IMPLEMENTATIONS = YES;
				CLANG_WARN_DIRECT_OBJC_ISA_USAGE = YES_ERROR;
				CLANG_WARN_DOCUMENTATION_COMMENTS = YES;
				CLANG_WARN_EMPTY_BODY = YES;
				CLANG_WARN_ENUM_CONVERSION = YES;
				CLANG_WARN_INFINITE_RECURSION = YES;
				CLANG_WARN_INT_CONVERSION = YES;
				CLANG_WARN_NON_LITERAL_NULL_CONVERSION = YES;
				CLANG_WARN_OBJC_IMPLICIT_RETAIN_SELF = YES;
				CLANG_WARN_OBJC_LITERAL_CONVERSION = YES;
				CLANG_WARN_OBJC_ROOT_CLASS = YES_ERROR;
				CLANG_WARN_RANGE_LOOP_ANALYSIS = YES;
				CLANG_WARN_STRICT_PROTOTYPES = YES;
				CLANG_WARN_SUSPICIOUS_MOVE = YES;
				CLANG_WARN_UNGUARDED_AVAILABILITY = YES_AGGRESSIVE;
				CLANG_WARN_UNREACHABLE_CODE = YES;
				CLANG_WARN__DUPLICATE_METHOD_MATCH = YES;
				COPY_PHASE_STRIP = NO;
				DEBUG_INFORMATION_FORMAT = "dwarf-with-dsym";
				ENABLE_NS_ASSERTIONS = NO;
				ENABLE_STRICT_OBJC_MSGSEND = YES;
				GCC_C_LANGUAGE_STANDARD = gnu11;
				GCC_NO_COMMON_BLOCKS = YES;
				GCC_WARN_64_TO_32_BIT_CONVERSION = YES;
				GCC_WARN_ABOUT_RETURN_TYPE = YES_ERROR;
				GCC_WARN_UNDECLARED_SELECTOR = YES;
				GCC_WARN_UNINITIALIZED_AUTOS = YES_AGGRESSIVE;
				GCC_WARN_UNUSED_FUNCTION = YES;
				GCC_WARN_UNUSED_VARIABLE = YES;
				IPHONEOS_DEPLOYMENT_TARGET = 13.5;
				MTL_ENABLE_DEBUG_INFO = NO;
				MTL_FAST_MATH = YES;
				SDKROOT = iphoneos;
				SWIFT_COMPILATION_MODE = wholemodule;
				SWIFT_OPTIMIZATION_LEVEL = "-O";
				VALIDATE_PRODUCT = YES;
			};
			name = Release;
		};
		2A872BAF25565110003C43B8 /* Debug */ = {
			isa = XCBuildConfiguration;
			buildSettings = {
				ASSETCATALOG_COMPILER_APPICON_NAME = AppIcon;
				CODE_SIGN_STYLE = Automatic;
				INFOPLIST_FILE = Daily.v2/App/Info.plist;
				LD_RUNPATH_SEARCH_PATHS = (
					"$(inherited)",
					"@executable_path/Frameworks",
				);
				PRODUCT_BUNDLE_IDENTIFIER = "self.Daily-v2";
				PRODUCT_NAME = "$(TARGET_NAME)";
				SWIFT_VERSION = 5.0;
				TARGETED_DEVICE_FAMILY = "1,2";
			};
			name = Debug;
		};
		2A872BB025565110003C43B8 /* Release */ = {
			isa = XCBuildConfiguration;
			buildSettings = {
				ASSETCATALOG_COMPILER_APPICON_NAME = AppIcon;
				CODE_SIGN_STYLE = Automatic;
				INFOPLIST_FILE = Daily.v2/App/Info.plist;
				LD_RUNPATH_SEARCH_PATHS = (
					"$(inherited)",
					"@executable_path/Frameworks",
				);
				PRODUCT_BUNDLE_IDENTIFIER = "self.Daily-v2";
				PRODUCT_NAME = "$(TARGET_NAME)";
				SWIFT_VERSION = 5.0;
				TARGETED_DEVICE_FAMILY = "1,2";
			};
			name = Release;
		};
/* End XCBuildConfiguration section */

/* Begin XCConfigurationList section */
		2A872B952556510E003C43B8 /* Build configuration list for PBXProject "Daily.v2" */ = {
			isa = XCConfigurationList;
			buildConfigurations = (
				2A872BAC25565110003C43B8 /* Debug */,
				2A872BAD25565110003C43B8 /* Release */,
			);
			defaultConfigurationIsVisible = 0;
			defaultConfigurationName = Release;
		};
		2A872BAE25565110003C43B8 /* Build configuration list for PBXNativeTarget "Daily.v2" */ = {
			isa = XCConfigurationList;
			buildConfigurations = (
				2A872BAF25565110003C43B8 /* Debug */,
				2A872BB025565110003C43B8 /* Release */,
			);
			defaultConfigurationIsVisible = 0;
			defaultConfigurationName = Release;
		};
/* End XCConfigurationList section */

/* Begin XCVersionGroup section */
		2A529297255844F500EA966B /* Task.xcdatamodeld */ = {
			isa = XCVersionGroup;
			children = (
				2A529298255844F500EA966B /* Task.xcdatamodel */,
			);
			currentVersion = 2A529298255844F500EA966B /* Task.xcdatamodel */;
			path = Task.xcdatamodeld;
			sourceTree = "<group>";
			versionGroupType = wrapper.xcdatamodel;
		};
/* End XCVersionGroup section */
	};
	rootObject = 2A872B922556510E003C43B8 /* Project object */;
}
